// !$*UTF8*$!
{
	archiveVersion = 1;
	classes = {
	};
	objectVersion = 46;
	objects = {

/* Begin PBXBuildFile section */
		25BFE2ED1D3FD03A00914B86 /* AppDelegate.swift in Sources */ = {isa = PBXBuildFile; fileRef = 25BFE2EC1D3FD03A00914B86 /* AppDelegate.swift */; };
		25BFE2EF1D3FD03A00914B86 /* MenuPrincipalVC.swift in Sources */ = {isa = PBXBuildFile; fileRef = 25BFE2EE1D3FD03A00914B86 /* MenuPrincipalVC.swift */; };
		25BFE2F51D3FD03A00914B86 /* MyPlaces.xcdatamodeld in Sources */ = {isa = PBXBuildFile; fileRef = 25BFE2F31D3FD03A00914B86 /* MyPlaces.xcdatamodeld */; };
		25BFE2F71D3FD03A00914B86 /* Assets.xcassets in Resources */ = {isa = PBXBuildFile; fileRef = 25BFE2F61D3FD03A00914B86 /* Assets.xcassets */; };
		25BFE3041D3FD8F000914B86 /* NavegacionNVC.swift in Sources */ = {isa = PBXBuildFile; fileRef = 25BFE3031D3FD8F000914B86 /* NavegacionNVC.swift */; };
		25BFE3061D403BB900914B86 /* Punto.swift in Sources */ = {isa = PBXBuildFile; fileRef = 25BFE3051D403BB900914B86 /* Punto.swift */; };
		25BFE30A1D40447100914B86 /* TablaListRutaController.swift in Sources */ = {isa = PBXBuildFile; fileRef = 25BFE3091D40447100914B86 /* TablaListRutaController.swift */; };
		25BFE30E1D4134C300914B86 /* NuevaRutaTableViewController.swift in Sources */ = {isa = PBXBuildFile; fileRef = 25BFE30D1D4134C300914B86 /* NuevaRutaTableViewController.swift */; };
		25BFE3101D41F44600914B86 /* Main.storyboard in Resources */ = {isa = PBXBuildFile; fileRef = 25BFE30F1D41F44600914B86 /* Main.storyboard */; };
		25BFE3121D41F45400914B86 /* LaunchScreen.storyboard in Resources */ = {isa = PBXBuildFile; fileRef = 25BFE3111D41F45400914B86 /* LaunchScreen.storyboard */; };
		25BFE3141D428AA100914B86 /* Ruta.swift in Sources */ = {isa = PBXBuildFile; fileRef = 25BFE3131D428AA100914B86 /* Ruta.swift */; };
		25BFE3161D42D19400914B86 /* EditarRutaTableViewController.swift in Sources */ = {isa = PBXBuildFile; fileRef = 25BFE3151D42D19400914B86 /* EditarRutaTableViewController.swift */; };
		25BFE31A1D4313BC00914B86 /* VistaMapaController.swift in Sources */ = {isa = PBXBuildFile; fileRef = 25BFE3191D4313BC00914B86 /* VistaMapaController.swift */; };
		25BFE31C1D43B92F00914B86 /* VistaMapaRutaController.swift in Sources */ = {isa = PBXBuildFile; fileRef = 25BFE31B1D43B92F00914B86 /* VistaMapaRutaController.swift */; };
		25BFE31E1D43DB0500914B86 /* VistaQRController.swift in Sources */ = {isa = PBXBuildFile; fileRef = 25BFE31D1D43DB0500914B86 /* VistaQRController.swift */; };
		25BFE3201D43ED4800914B86 /* VistaCamaraQRController.swift in Sources */ = {isa = PBXBuildFile; fileRef = 25BFE31F1D43ED4800914B86 /* VistaCamaraQRController.swift */; };
		25BFE3271D4401BE00914B86 /* Interface.storyboard in Resources */ = {isa = PBXBuildFile; fileRef = 25BFE3251D4401BE00914B86 /* Interface.storyboard */; };
		25BFE3291D4401BE00914B86 /* Assets.xcassets in Resources */ = {isa = PBXBuildFile; fileRef = 25BFE3281D4401BE00914B86 /* Assets.xcassets */; };
		25BFE3301D4401BE00914B86 /* MyPlacesWatch Extension.appex in Embed App Extensions */ = {isa = PBXBuildFile; fileRef = 25BFE32F1D4401BE00914B86 /* MyPlacesWatch Extension.appex */; settings = {ATTRIBUTES = (RemoveHeadersOnCopy, ); }; };
		25BFE3371D4401BE00914B86 /* InterfaceController.swift in Sources */ = {isa = PBXBuildFile; fileRef = 25BFE3361D4401BE00914B86 /* InterfaceController.swift */; };
		25BFE3391D4401BE00914B86 /* ExtensionDelegate.swift in Sources */ = {isa = PBXBuildFile; fileRef = 25BFE3381D4401BE00914B86 /* ExtensionDelegate.swift */; };
		25BFE33B1D4401BE00914B86 /* NotificationController.swift in Sources */ = {isa = PBXBuildFile; fileRef = 25BFE33A1D4401BE00914B86 /* NotificationController.swift */; };
		25BFE33D1D4401BE00914B86 /* Assets.xcassets in Resources */ = {isa = PBXBuildFile; fileRef = 25BFE33C1D4401BE00914B86 /* Assets.xcassets */; };
		25BFE3411D4401BE00914B86 /* MyPlacesWatch.app in Embed Watch Content */ = {isa = PBXBuildFile; fileRef = 25BFE3231D4401BE00914B86 /* MyPlacesWatch.app */; };
		25BFE3561D46CAC900914B86 /* route-icon.png in Resources */ = {isa = PBXBuildFile; fileRef = 25BFE3551D46CAC900914B86 /* route-icon.png */; };
		25BFE35A1D46E21D00914B86 /* route_mm.png in Resources */ = {isa = PBXBuildFile; fileRef = 25BFE3591D46E21D00914B86 /* route_mm.png */; };
		25BFE35C1D47CBB700914B86 /* qr_b3.png in Resources */ = {isa = PBXBuildFile; fileRef = 25BFE35B1D47CBB700914B86 /* qr_b3.png */; };
		25BFE3641D4825DF00914B86 /* iconMain58pt_v2.png in Resources */ = {isa = PBXBuildFile; fileRef = 25BFE3631D4825DF00914B86 /* iconMain58pt_v2.png */; };
		25BFE3681D48279500914B86 /* iconMain80pt.png in Resources */ = {isa = PBXBuildFile; fileRef = 25BFE3671D48279500914B86 /* iconMain80pt.png */; };
		25BFE36A1D48280900914B86 /* iconMain120pt.png in Resources */ = {isa = PBXBuildFile; fileRef = 25BFE3691D48280900914B86 /* iconMain120pt.png */; };
		25BFE36C1D48286500914B86 /* iconMain180pt.png in Resources */ = {isa = PBXBuildFile; fileRef = 25BFE36B1D48286500914B86 /* iconMain180pt.png */; };
/* End PBXBuildFile section */

/* Begin PBXContainerItemProxy section */
		25BFE3311D4401BE00914B86 /* PBXContainerItemProxy */ = {
			isa = PBXContainerItemProxy;
			containerPortal = 25BFE2E11D3FD03A00914B86 /* Project object */;
			proxyType = 1;
			remoteGlobalIDString = 25BFE32E1D4401BE00914B86;
			remoteInfo = "MyPlacesWatch Extension";
		};
		25BFE33F1D4401BE00914B86 /* PBXContainerItemProxy */ = {
			isa = PBXContainerItemProxy;
			containerPortal = 25BFE2E11D3FD03A00914B86 /* Project object */;
			proxyType = 1;
			remoteGlobalIDString = 25BFE3221D4401BE00914B86;
			remoteInfo = MyPlacesWatch;
		};
/* End PBXContainerItemProxy section */

/* Begin PBXCopyFilesBuildPhase section */
		25BFE3451D4401BE00914B86 /* Embed App Extensions */ = {
			isa = PBXCopyFilesBuildPhase;
			buildActionMask = 2147483647;
			dstPath = "";
			dstSubfolderSpec = 13;
			files = (
				25BFE3301D4401BE00914B86 /* MyPlacesWatch Extension.appex in Embed App Extensions */,
			);
			name = "Embed App Extensions";
			runOnlyForDeploymentPostprocessing = 0;
		};
		25BFE3491D4401BE00914B86 /* Embed Watch Content */ = {
			isa = PBXCopyFilesBuildPhase;
			buildActionMask = 2147483647;
			dstPath = "$(CONTENTS_FOLDER_PATH)/Watch";
			dstSubfolderSpec = 16;
			files = (
				25BFE3411D4401BE00914B86 /* MyPlacesWatch.app in Embed Watch Content */,
			);
			name = "Embed Watch Content";
			runOnlyForDeploymentPostprocessing = 0;
		};
/* End PBXCopyFilesBuildPhase section */

/* Begin PBXFileReference section */
		25BFE2E91D3FD03A00914B86 /* MyPlaces.app */ = {isa = PBXFileReference; explicitFileType = wrapper.application; includeInIndex = 0; path = MyPlaces.app; sourceTree = BUILT_PRODUCTS_DIR; };
		25BFE2EC1D3FD03A00914B86 /* AppDelegate.swift */ = {isa = PBXFileReference; lastKnownFileType = sourcecode.swift; path = AppDelegate.swift; sourceTree = "<group>"; };
		25BFE2EE1D3FD03A00914B86 /* MenuPrincipalVC.swift */ = {isa = PBXFileReference; lastKnownFileType = sourcecode.swift; path = MenuPrincipalVC.swift; sourceTree = "<group>"; };
		25BFE2F41D3FD03A00914B86 /* MyPlaces.xcdatamodel */ = {isa = PBXFileReference; lastKnownFileType = wrapper.xcdatamodel; path = MyPlaces.xcdatamodel; sourceTree = "<group>"; };
		25BFE2F61D3FD03A00914B86 /* Assets.xcassets */ = {isa = PBXFileReference; lastKnownFileType = folder.assetcatalog; path = Assets.xcassets; sourceTree = "<group>"; };
		25BFE2FB1D3FD03A00914B86 /* Info.plist */ = {isa = PBXFileReference; lastKnownFileType = text.plist.xml; path = Info.plist; sourceTree = "<group>"; };
		25BFE3031D3FD8F000914B86 /* NavegacionNVC.swift */ = {isa = PBXFileReference; fileEncoding = 4; lastKnownFileType = sourcecode.swift; path = NavegacionNVC.swift; sourceTree = "<group>"; };
		25BFE3051D403BB900914B86 /* Punto.swift */ = {isa = PBXFileReference; fileEncoding = 4; lastKnownFileType = sourcecode.swift; path = Punto.swift; sourceTree = "<group>"; };
		25BFE3091D40447100914B86 /* TablaListRutaController.swift */ = {isa = PBXFileReference; fileEncoding = 4; lastKnownFileType = sourcecode.swift; path = TablaListRutaController.swift; sourceTree = "<group>"; };
		25BFE30D1D4134C300914B86 /* NuevaRutaTableViewController.swift */ = {isa = PBXFileReference; fileEncoding = 4; lastKnownFileType = sourcecode.swift; path = NuevaRutaTableViewController.swift; sourceTree = "<group>"; };
		25BFE30F1D41F44600914B86 /* Main.storyboard */ = {isa = PBXFileReference; fileEncoding = 4; lastKnownFileType = file.storyboard; path = Main.storyboard; sourceTree = "<group>"; };
		25BFE3111D41F45400914B86 /* LaunchScreen.storyboard */ = {isa = PBXFileReference; fileEncoding = 4; lastKnownFileType = file.storyboard; path = LaunchScreen.storyboard; sourceTree = "<group>"; };
		25BFE3131D428AA100914B86 /* Ruta.swift */ = {isa = PBXFileReference; fileEncoding = 4; lastKnownFileType = sourcecode.swift; path = Ruta.swift; sourceTree = "<group>"; };
		25BFE3151D42D19400914B86 /* EditarRutaTableViewController.swift */ = {isa = PBXFileReference; fileEncoding = 4; lastKnownFileType = sourcecode.swift; path = EditarRutaTableViewController.swift; sourceTree = "<group>"; };
		25BFE3191D4313BC00914B86 /* VistaMapaController.swift */ = {isa = PBXFileReference; fileEncoding = 4; lastKnownFileType = sourcecode.swift; path = VistaMapaController.swift; sourceTree = "<group>"; };
		25BFE31B1D43B92F00914B86 /* VistaMapaRutaController.swift */ = {isa = PBXFileReference; fileEncoding = 4; lastKnownFileType = sourcecode.swift; path = VistaMapaRutaController.swift; sourceTree = "<group>"; };
		25BFE31D1D43DB0500914B86 /* VistaQRController.swift */ = {isa = PBXFileReference; fileEncoding = 4; lastKnownFileType = sourcecode.swift; path = VistaQRController.swift; sourceTree = "<group>"; };
		25BFE31F1D43ED4800914B86 /* VistaCamaraQRController.swift */ = {isa = PBXFileReference; fileEncoding = 4; lastKnownFileType = sourcecode.swift; path = VistaCamaraQRController.swift; sourceTree = "<group>"; };
		25BFE3231D4401BE00914B86 /* MyPlacesWatch.app */ = {isa = PBXFileReference; explicitFileType = wrapper.application; includeInIndex = 0; path = MyPlacesWatch.app; sourceTree = BUILT_PRODUCTS_DIR; };
		25BFE3261D4401BE00914B86 /* Base */ = {isa = PBXFileReference; lastKnownFileType = file.storyboard; name = Base; path = Base.lproj/Interface.storyboard; sourceTree = "<group>"; };
		25BFE3281D4401BE00914B86 /* Assets.xcassets */ = {isa = PBXFileReference; lastKnownFileType = folder.assetcatalog; path = Assets.xcassets; sourceTree = "<group>"; };
		25BFE32A1D4401BE00914B86 /* Info.plist */ = {isa = PBXFileReference; lastKnownFileType = text.plist.xml; path = Info.plist; sourceTree = "<group>"; };
		25BFE32F1D4401BE00914B86 /* MyPlacesWatch Extension.appex */ = {isa = PBXFileReference; explicitFileType = "wrapper.app-extension"; includeInIndex = 0; path = "MyPlacesWatch Extension.appex"; sourceTree = BUILT_PRODUCTS_DIR; };
		25BFE3351D4401BE00914B86 /* PushNotificationPayload.apns */ = {isa = PBXFileReference; lastKnownFileType = text; path = PushNotificationPayload.apns; sourceTree = "<group>"; };
		25BFE3361D4401BE00914B86 /* InterfaceController.swift */ = {isa = PBXFileReference; lastKnownFileType = sourcecode.swift; path = InterfaceController.swift; sourceTree = "<group>"; };
		25BFE3381D4401BE00914B86 /* ExtensionDelegate.swift */ = {isa = PBXFileReference; lastKnownFileType = sourcecode.swift; path = ExtensionDelegate.swift; sourceTree = "<group>"; };
		25BFE33A1D4401BE00914B86 /* NotificationController.swift */ = {isa = PBXFileReference; lastKnownFileType = sourcecode.swift; path = NotificationController.swift; sourceTree = "<group>"; };
		25BFE33C1D4401BE00914B86 /* Assets.xcassets */ = {isa = PBXFileReference; lastKnownFileType = folder.assetcatalog; path = Assets.xcassets; sourceTree = "<group>"; };
		25BFE33E1D4401BE00914B86 /* Info.plist */ = {isa = PBXFileReference; lastKnownFileType = text.plist.xml; path = Info.plist; sourceTree = "<group>"; };
		25BFE3551D46CAC900914B86 /* route-icon.png */ = {isa = PBXFileReference; lastKnownFileType = image.png; name = "route-icon.png"; path = "../../../../../Desktop/route-icon.png"; sourceTree = "<group>"; };
		25BFE3591D46E21D00914B86 /* route_mm.png */ = {isa = PBXFileReference; lastKnownFileType = image.png; name = route_mm.png; path = ../../../../../Desktop/route_mm.png; sourceTree = "<group>"; };
		25BFE35B1D47CBB700914B86 /* qr_b3.png */ = {isa = PBXFileReference; lastKnownFileType = image.png; name = qr_b3.png; path = ../../../../share_with_linux/qr_b3.png; sourceTree = "<group>"; };
		25BFE3631D4825DF00914B86 /* iconMain58pt_v2.png */ = {isa = PBXFileReference; lastKnownFileType = image.png; name = iconMain58pt_v2.png; path = ../../../../share_with_linux/iconMain58pt_v2.png; sourceTree = "<group>"; };
		25BFE3671D48279500914B86 /* iconMain80pt.png */ = {isa = PBXFileReference; lastKnownFileType = image.png; name = iconMain80pt.png; path = ../../../../share_with_linux/iconMain80pt.png; sourceTree = "<group>"; };
		25BFE3691D48280900914B86 /* iconMain120pt.png */ = {isa = PBXFileReference; lastKnownFileType = image.png; name = iconMain120pt.png; path = ../../../../share_with_linux/iconMain120pt.png; sourceTree = "<group>"; };
		25BFE36B1D48286500914B86 /* iconMain180pt.png */ = {isa = PBXFileReference; lastKnownFileType = image.png; name = iconMain180pt.png; path = ../../../../share_with_linux/iconMain180pt.png; sourceTree = "<group>"; };
/* End PBXFileReference section */

/* Begin PBXFrameworksBuildPhase section */
		25BFE2E61D3FD03A00914B86 /* Frameworks */ = {
			isa = PBXFrameworksBuildPhase;
			buildActionMask = 2147483647;
			files = (
			);
			runOnlyForDeploymentPostprocessing = 0;
		};
		25BFE32C1D4401BE00914B86 /* Frameworks */ = {
			isa = PBXFrameworksBuildPhase;
			buildActionMask = 2147483647;
			files = (
			);
			runOnlyForDeploymentPostprocessing = 0;
		};
/* End PBXFrameworksBuildPhase section */

/* Begin PBXGroup section */
		25BFE2E01D3FD03A00914B86 = {
			isa = PBXGroup;
			children = (
				25BFE2EB1D3FD03A00914B86 /* MyPlaces */,
				25BFE3241D4401BE00914B86 /* MyPlacesWatch */,
				25BFE3331D4401BE00914B86 /* MyPlacesWatch Extension */,
				25BFE2EA1D3FD03A00914B86 /* Products */,
			);
			sourceTree = "<group>";
		};
		25BFE2EA1D3FD03A00914B86 /* Products */ = {
			isa = PBXGroup;
			children = (
				25BFE2E91D3FD03A00914B86 /* MyPlaces.app */,
				25BFE3231D4401BE00914B86 /* MyPlacesWatch.app */,
				25BFE32F1D4401BE00914B86 /* MyPlacesWatch Extension.appex */,
			);
			name = Products;
			sourceTree = "<group>";
		};
		25BFE2EB1D3FD03A00914B86 /* MyPlaces */ = {
			isa = PBXGroup;
			children = (
				25BFE34A1D465A4600914B86 /* images */,
				25BFE3111D41F45400914B86 /* LaunchScreen.storyboard */,
				25BFE2EC1D3FD03A00914B86 /* AppDelegate.swift */,
				25BFE2EE1D3FD03A00914B86 /* MenuPrincipalVC.swift */,
				25BFE2F61D3FD03A00914B86 /* Assets.xcassets */,
				25BFE30F1D41F44600914B86 /* Main.storyboard */,
				25BFE2FB1D3FD03A00914B86 /* Info.plist */,
				25BFE2F31D3FD03A00914B86 /* MyPlaces.xcdatamodeld */,
				25BFE3031D3FD8F000914B86 /* NavegacionNVC.swift */,
				25BFE3051D403BB900914B86 /* Punto.swift */,
				25BFE3091D40447100914B86 /* TablaListRutaController.swift */,
				25BFE30D1D4134C300914B86 /* NuevaRutaTableViewController.swift */,
				25BFE3131D428AA100914B86 /* Ruta.swift */,
				25BFE3151D42D19400914B86 /* EditarRutaTableViewController.swift */,
				25BFE3191D4313BC00914B86 /* VistaMapaController.swift */,
				25BFE31B1D43B92F00914B86 /* VistaMapaRutaController.swift */,
				25BFE31D1D43DB0500914B86 /* VistaQRController.swift */,
				25BFE31F1D43ED4800914B86 /* VistaCamaraQRController.swift */,
			);
			path = MyPlaces;
			sourceTree = "<group>";
		};
		25BFE3241D4401BE00914B86 /* MyPlacesWatch */ = {
			isa = PBXGroup;
			children = (
				25BFE3251D4401BE00914B86 /* Interface.storyboard */,
				25BFE3281D4401BE00914B86 /* Assets.xcassets */,
				25BFE32A1D4401BE00914B86 /* Info.plist */,
			);
			path = MyPlacesWatch;
			sourceTree = "<group>";
		};
		25BFE3331D4401BE00914B86 /* MyPlacesWatch Extension */ = {
			isa = PBXGroup;
			children = (
				25BFE3361D4401BE00914B86 /* InterfaceController.swift */,
				25BFE3381D4401BE00914B86 /* ExtensionDelegate.swift */,
				25BFE33A1D4401BE00914B86 /* NotificationController.swift */,
				25BFE33C1D4401BE00914B86 /* Assets.xcassets */,
				25BFE33E1D4401BE00914B86 /* Info.plist */,
				25BFE3341D4401BE00914B86 /* Supporting Files */,
			);
			path = "MyPlacesWatch Extension";
			sourceTree = "<group>";
		};
		25BFE3341D4401BE00914B86 /* Supporting Files */ = {
			isa = PBXGroup;
			children = (
				25BFE3351D4401BE00914B86 /* PushNotificationPayload.apns */,
			);
			name = "Supporting Files";
			sourceTree = "<group>";
		};
		25BFE34A1D465A4600914B86 /* images */ = {
			isa = PBXGroup;
			children = (
				25BFE36B1D48286500914B86 /* iconMain180pt.png */,
				25BFE3691D48280900914B86 /* iconMain120pt.png */,
				25BFE3671D48279500914B86 /* iconMain80pt.png */,
				25BFE3631D4825DF00914B86 /* iconMain58pt_v2.png */,
				25BFE35B1D47CBB700914B86 /* qr_b3.png */,
				25BFE3591D46E21D00914B86 /* route_mm.png */,
				25BFE3551D46CAC900914B86 /* route-icon.png */,
			);
			name = images;
			sourceTree = "<group>";
		};
/* End PBXGroup section */

/* Begin PBXNativeTarget section */
		25BFE2E81D3FD03A00914B86 /* MyPlaces */ = {
			isa = PBXNativeTarget;
			buildConfigurationList = 25BFE2FE1D3FD03A00914B86 /* Build configuration list for PBXNativeTarget "MyPlaces" */;
			buildPhases = (
				25BFE2E51D3FD03A00914B86 /* Sources */,
				25BFE2E61D3FD03A00914B86 /* Frameworks */,
				25BFE2E71D3FD03A00914B86 /* Resources */,
				25BFE3491D4401BE00914B86 /* Embed Watch Content */,
			);
			buildRules = (
			);
			dependencies = (
				25BFE3401D4401BE00914B86 /* PBXTargetDependency */,
			);
			name = MyPlaces;
			productName = MyPlaces;
			productReference = 25BFE2E91D3FD03A00914B86 /* MyPlaces.app */;
			productType = "com.apple.product-type.application";
		};
		25BFE3221D4401BE00914B86 /* MyPlacesWatch */ = {
			isa = PBXNativeTarget;
			buildConfigurationList = 25BFE3461D4401BE00914B86 /* Build configuration list for PBXNativeTarget "MyPlacesWatch" */;
			buildPhases = (
				25BFE3211D4401BE00914B86 /* Resources */,
				25BFE3451D4401BE00914B86 /* Embed App Extensions */,
			);
			buildRules = (
			);
			dependencies = (
				25BFE3321D4401BE00914B86 /* PBXTargetDependency */,
			);
			name = MyPlacesWatch;
			productName = MyPlacesWatch;
			productReference = 25BFE3231D4401BE00914B86 /* MyPlacesWatch.app */;
			productType = "com.apple.product-type.application.watchapp2";
		};
		25BFE32E1D4401BE00914B86 /* MyPlacesWatch Extension */ = {
			isa = PBXNativeTarget;
			buildConfigurationList = 25BFE3421D4401BE00914B86 /* Build configuration list for PBXNativeTarget "MyPlacesWatch Extension" */;
			buildPhases = (
				25BFE32B1D4401BE00914B86 /* Sources */,
				25BFE32C1D4401BE00914B86 /* Frameworks */,
				25BFE32D1D4401BE00914B86 /* Resources */,
			);
			buildRules = (
			);
			dependencies = (
			);
			name = "MyPlacesWatch Extension";
			productName = "MyPlacesWatch Extension";
			productReference = 25BFE32F1D4401BE00914B86 /* MyPlacesWatch Extension.appex */;
			productType = "com.apple.product-type.watchkit2-extension";
		};
/* End PBXNativeTarget section */

/* Begin PBXProject section */
		25BFE2E11D3FD03A00914B86 /* Project object */ = {
			isa = PBXProject;
			attributes = {
				LastSwiftUpdateCheck = 0730;
				LastUpgradeCheck = 0730;
				ORGANIZATIONNAME = "Nicolás Narria";
				TargetAttributes = {
					25BFE2E81D3FD03A00914B86 = {
						CreatedOnToolsVersion = 7.3.1;
					};
					25BFE3221D4401BE00914B86 = {
						CreatedOnToolsVersion = 7.3.1;
					};
					25BFE32E1D4401BE00914B86 = {
						CreatedOnToolsVersion = 7.3.1;
						DevelopmentTeam = PX4CMRSFTG;
					};
				};
			};
			buildConfigurationList = 25BFE2E41D3FD03A00914B86 /* Build configuration list for PBXProject "MyPlaces" */;
			compatibilityVersion = "Xcode 3.2";
			developmentRegion = English;
			hasScannedForEncodings = 0;
			knownRegions = (
				en,
				Base,
			);
			mainGroup = 25BFE2E01D3FD03A00914B86;
			productRefGroup = 25BFE2EA1D3FD03A00914B86 /* Products */;
			projectDirPath = "";
			projectRoot = "";
			targets = (
				25BFE2E81D3FD03A00914B86 /* MyPlaces */,
				25BFE3221D4401BE00914B86 /* MyPlacesWatch */,
				25BFE32E1D4401BE00914B86 /* MyPlacesWatch Extension */,
			);
		};
/* End PBXProject section */

/* Begin PBXResourcesBuildPhase section */
		25BFE2E71D3FD03A00914B86 /* Resources */ = {
			isa = PBXResourcesBuildPhase;
			buildActionMask = 2147483647;
			files = (
				25BFE36A1D48280900914B86 /* iconMain120pt.png in Resources */,
				25BFE3681D48279500914B86 /* iconMain80pt.png in Resources */,
				25BFE3101D41F44600914B86 /* Main.storyboard in Resources */,
				25BFE36C1D48286500914B86 /* iconMain180pt.png in Resources */,
				25BFE3641D4825DF00914B86 /* iconMain58pt_v2.png in Resources */,
				25BFE3121D41F45400914B86 /* LaunchScreen.storyboard in Resources */,
				25BFE35C1D47CBB700914B86 /* qr_b3.png in Resources */,
				25BFE3561D46CAC900914B86 /* route-icon.png in Resources */,
				25BFE2F71D3FD03A00914B86 /* Assets.xcassets in Resources */,
				25BFE35A1D46E21D00914B86 /* route_mm.png in Resources */,
			);
			runOnlyForDeploymentPostprocessing = 0;
		};
		25BFE3211D4401BE00914B86 /* Resources */ = {
			isa = PBXResourcesBuildPhase;
			buildActionMask = 2147483647;
			files = (
				25BFE3291D4401BE00914B86 /* Assets.xcassets in Resources */,
				25BFE3271D4401BE00914B86 /* Interface.storyboard in Resources */,
			);
			runOnlyForDeploymentPostprocessing = 0;
		};
		25BFE32D1D4401BE00914B86 /* Resources */ = {
			isa = PBXResourcesBuildPhase;
			buildActionMask = 2147483647;
			files = (
				25BFE33D1D4401BE00914B86 /* Assets.xcassets in Resources */,
			);
			runOnlyForDeploymentPostprocessing = 0;
		};
/* End PBXResourcesBuildPhase section */

/* Begin PBXSourcesBuildPhase section */
		25BFE2E51D3FD03A00914B86 /* Sources */ = {
			isa = PBXSourcesBuildPhase;
			buildActionMask = 2147483647;
			files = (
				25BFE31E1D43DB0500914B86 /* VistaQRController.swift in Sources */,
				25BFE3061D403BB900914B86 /* Punto.swift in Sources */,
				25BFE31C1D43B92F00914B86 /* VistaMapaRutaController.swift in Sources */,
				25BFE3141D428AA100914B86 /* Ruta.swift in Sources */,
				25BFE30E1D4134C300914B86 /* NuevaRutaTableViewController.swift in Sources */,
				25BFE3201D43ED4800914B86 /* VistaCamaraQRController.swift in Sources */,
				25BFE2EF1D3FD03A00914B86 /* MenuPrincipalVC.swift in Sources */,
				25BFE30A1D40447100914B86 /* TablaListRutaController.swift in Sources */,
				25BFE3041D3FD8F000914B86 /* NavegacionNVC.swift in Sources */,
				25BFE3161D42D19400914B86 /* EditarRutaTableViewController.swift in Sources */,
				25BFE2F51D3FD03A00914B86 /* MyPlaces.xcdatamodeld in Sources */,
				25BFE31A1D4313BC00914B86 /* VistaMapaController.swift in Sources */,
				25BFE2ED1D3FD03A00914B86 /* AppDelegate.swift in Sources */,
			);
			runOnlyForDeploymentPostprocessing = 0;
		};
		25BFE32B1D4401BE00914B86 /* Sources */ = {
			isa = PBXSourcesBuildPhase;
			buildActionMask = 2147483647;
			files = (
				25BFE33B1D4401BE00914B86 /* NotificationController.swift in Sources */,
				25BFE3391D4401BE00914B86 /* ExtensionDelegate.swift in Sources */,
				25BFE3371D4401BE00914B86 /* InterfaceController.swift in Sources */,
			);
			runOnlyForDeploymentPostprocessing = 0;
		};
/* End PBXSourcesBuildPhase section */

/* Begin PBXTargetDependency section */
		25BFE3321D4401BE00914B86 /* PBXTargetDependency */ = {
			isa = PBXTargetDependency;
			target = 25BFE32E1D4401BE00914B86 /* MyPlacesWatch Extension */;
			targetProxy = 25BFE3311D4401BE00914B86 /* PBXContainerItemProxy */;
		};
		25BFE3401D4401BE00914B86 /* PBXTargetDependency */ = {
			isa = PBXTargetDependency;
			target = 25BFE3221D4401BE00914B86 /* MyPlacesWatch */;
			targetProxy = 25BFE33F1D4401BE00914B86 /* PBXContainerItemProxy */;
		};
/* End PBXTargetDependency section */

/* Begin PBXVariantGroup section */
		25BFE3251D4401BE00914B86 /* Interface.storyboard */ = {
			isa = PBXVariantGroup;
			children = (
				25BFE3261D4401BE00914B86 /* Base */,
			);
			name = Interface.storyboard;
			sourceTree = "<group>";
		};
/* End PBXVariantGroup section */

/* Begin XCBuildConfiguration section */
		25BFE2FC1D3FD03A00914B86 /* Debug */ = {
			isa = XCBuildConfiguration;
			buildSettings = {
				ALWAYS_SEARCH_USER_PATHS = NO;
				CLANG_ANALYZER_NONNULL = YES;
				CLANG_CXX_LANGUAGE_STANDARD = "gnu++0x";
				CLANG_CXX_LIBRARY = "libc++";
				CLANG_ENABLE_MODULES = YES;
				CLANG_ENABLE_OBJC_ARC = YES;
				CLANG_WARN_BOOL_CONVERSION = YES;
				CLANG_WARN_CONSTANT_CONVERSION = YES;
				CLANG_WARN_DIRECT_OBJC_ISA_USAGE = YES_ERROR;
				CLANG_WARN_EMPTY_BODY = YES;
				CLANG_WARN_ENUM_CONVERSION = YES;
				CLANG_WARN_INT_CONVERSION = YES;
				CLANG_WARN_OBJC_ROOT_CLASS = YES_ERROR;
				CLANG_WARN_UNREACHABLE_CODE = YES;
				CLANG_WARN__DUPLICATE_METHOD_MATCH = YES;
				"CODE_SIGN_IDENTITY[sdk=iphoneos*]" = "iPhone Developer";
				COPY_PHASE_STRIP = NO;
				DEBUG_INFORMATION_FORMAT = dwarf;
				ENABLE_STRICT_OBJC_MSGSEND = YES;
				ENABLE_TESTABILITY = YES;
				GCC_C_LANGUAGE_STANDARD = gnu99;
				GCC_DYNAMIC_NO_PIC = NO;
				GCC_NO_COMMON_BLOCKS = YES;
				GCC_OPTIMIZATION_LEVEL = 0;
				GCC_PREPROCESSOR_DEFINITIONS = (
					"DEBUG=1",
					"$(inherited)",
				);
				GCC_WARN_64_TO_32_BIT_CONVERSION = YES;
				GCC_WARN_ABOUT_RETURN_TYPE = YES_ERROR;
				GCC_WARN_UNDECLARED_SELECTOR = YES;
				GCC_WARN_UNINITIALIZED_AUTOS = YES_AGGRESSIVE;
				GCC_WARN_UNUSED_FUNCTION = YES;
				GCC_WARN_UNUSED_VARIABLE = YES;
				IPHONEOS_DEPLOYMENT_TARGET = 9.3;
				MTL_ENABLE_DEBUG_INFO = YES;
				ONLY_ACTIVE_ARCH = YES;
				SDKROOT = iphoneos;
				SWIFT_OPTIMIZATION_LEVEL = "-Onone";
				TARGETED_DEVICE_FAMILY = "1,2";
			};
			name = Debug;
		};
		25BFE2FD1D3FD03A00914B86 /* Release */ = {
			isa = XCBuildConfiguration;
			buildSettings = {
				ALWAYS_SEARCH_USER_PATHS = NO;
				CLANG_ANALYZER_NONNULL = YES;
				CLANG_CXX_LANGUAGE_STANDARD = "gnu++0x";
				CLANG_CXX_LIBRARY = "libc++";
				CLANG_ENABLE_MODULES = YES;
				CLANG_ENABLE_OBJC_ARC = YES;
				CLANG_WARN_BOOL_CONVERSION = YES;
				CLANG_WARN_CONSTANT_CONVERSION = YES;
				CLANG_WARN_DIRECT_OBJC_ISA_USAGE = YES_ERROR;
				CLANG_WARN_EMPTY_BODY = YES;
				CLANG_WARN_ENUM_CONVERSION = YES;
				CLANG_WARN_INT_CONVERSION = YES;
				CLANG_WARN_OBJC_ROOT_CLASS = YES_ERROR;
				CLANG_WARN_UNREACHABLE_CODE = YES;
				CLANG_WARN__DUPLICATE_METHOD_MATCH = YES;
				"CODE_SIGN_IDENTITY[sdk=iphoneos*]" = "iPhone Developer";
				COPY_PHASE_STRIP = NO;
				DEBUG_INFORMATION_FORMAT = "dwarf-with-dsym";
				ENABLE_NS_ASSERTIONS = NO;
				ENABLE_STRICT_OBJC_MSGSEND = YES;
				GCC_C_LANGUAGE_STANDARD = gnu99;
				GCC_NO_COMMON_BLOCKS = YES;
				GCC_WARN_64_TO_32_BIT_CONVERSION = YES;
				GCC_WARN_ABOUT_RETURN_TYPE = YES_ERROR;
				GCC_WARN_UNDECLARED_SELECTOR = YES;
				GCC_WARN_UNINITIALIZED_AUTOS = YES_AGGRESSIVE;
				GCC_WARN_UNUSED_FUNCTION = YES;
				GCC_WARN_UNUSED_VARIABLE = YES;
				IPHONEOS_DEPLOYMENT_TARGET = 9.3;
				MTL_ENABLE_DEBUG_INFO = NO;
				SDKROOT = iphoneos;
				TARGETED_DEVICE_FAMILY = "1,2";
				VALIDATE_PRODUCT = YES;
			};
			name = Release;
		};
		25BFE2FF1D3FD03A00914B86 /* Debug */ = {
			isa = XCBuildConfiguration;
			buildSettings = {
				ASSETCATALOG_COMPILER_APPICON_NAME = AppIcon;
				INFOPLIST_FILE = MyPlaces/Info.plist;
				LD_RUNPATH_SEARCH_PATHS = "$(inherited) @executable_path/Frameworks";
				PRODUCT_BUNDLE_IDENTIFIER = cl.nnarria.MyPlaces;
				PRODUCT_NAME = "$(TARGET_NAME)";
				TARGETED_DEVICE_FAMILY = 1;
			};
			name = Debug;
		};
		25BFE3001D3FD03A00914B86 /* Release */ = {
			isa = XCBuildConfiguration;
			buildSettings = {
				ASSETCATALOG_COMPILER_APPICON_NAME = AppIcon;
				INFOPLIST_FILE = MyPlaces/Info.plist;
				LD_RUNPATH_SEARCH_PATHS = "$(inherited) @executable_path/Frameworks";
				PRODUCT_BUNDLE_IDENTIFIER = cl.nnarria.MyPlaces;
				PRODUCT_NAME = "$(TARGET_NAME)";
				TARGETED_DEVICE_FAMILY = 1;
			};
			name = Release;
		};
		25BFE3431D4401BE00914B86 /* Debug */ = {
			isa = XCBuildConfiguration;
			buildSettings = {
				CODE_SIGN_IDENTITY = "iPhone Developer";
				INFOPLIST_FILE = "MyPlacesWatch Extension/Info.plist";
				LD_RUNPATH_SEARCH_PATHS = "$(inherited) @executable_path/Frameworks @executable_path/../../Frameworks";
				PRODUCT_BUNDLE_IDENTIFIER = cl.nnarria.MyPlaces.watchkitapp.watchkitextension;
				PRODUCT_NAME = "${TARGET_NAME}";
				SDKROOT = watchos;
				SKIP_INSTALL = YES;
				TARGETED_DEVICE_FAMILY = 4;
				WATCHOS_DEPLOYMENT_TARGET = 2.2;
			};
			name = Debug;
		};
		25BFE3441D4401BE00914B86 /* Release */ = {
			isa = XCBuildConfiguration;
			buildSettings = {
				CODE_SIGN_IDENTITY = "iPhone Developer";
				INFOPLIST_FILE = "MyPlacesWatch Extension/Info.plist";
				LD_RUNPATH_SEARCH_PATHS = "$(inherited) @executable_path/Frameworks @executable_path/../../Frameworks";
				PRODUCT_BUNDLE_IDENTIFIER = cl.nnarria.MyPlaces.watchkitapp.watchkitextension;
				PRODUCT_NAME = "${TARGET_NAME}";
				SDKROOT = watchos;
				SKIP_INSTALL = YES;
				TARGETED_DEVICE_FAMILY = 4;
				WATCHOS_DEPLOYMENT_TARGET = 2.2;
			};
			name = Release;
		};
		25BFE3471D4401BE00914B86 /* Debug */ = {
			isa = XCBuildConfiguration;
			buildSettings = {
				ASSETCATALOG_COMPILER_APPICON_NAME = AppIcon;
				EMBEDDED_CONTENT_CONTAINS_SWIFT = YES;
				IBSC_MODULE = MyPlacesWatch_Extension;
				INFOPLIST_FILE = MyPlacesWatch/Info.plist;
				PRODUCT_BUNDLE_IDENTIFIER = cl.nnarria.MyPlaces.watchkitapp;
				PRODUCT_NAME = "$(TARGET_NAME)";
				SDKROOT = watchos;
				SKIP_INSTALL = YES;
				TARGETED_DEVICE_FAMILY = 4;
				WATCHOS_DEPLOYMENT_TARGET = 2.2;
			};
			name = Debug;
		};
		25BFE3481D4401BE00914B86 /* Release */ = {
			isa = XCBuildConfiguration;
			buildSettings = {
				ASSETCATALOG_COMPILER_APPICON_NAME = AppIcon;
				EMBEDDED_CONTENT_CONTAINS_SWIFT = YES;
				IBSC_MODULE = MyPlacesWatch_Extension;
				INFOPLIST_FILE = MyPlacesWatch/Info.plist;
				PRODUCT_BUNDLE_IDENTIFIER = cl.nnarria.MyPlaces.watchkitapp;
				PRODUCT_NAME = "$(TARGET_NAME)";
				SDKROOT = watchos;
				SKIP_INSTALL = YES;
				TARGETED_DEVICE_FAMILY = 4;
				WATCHOS_DEPLOYMENT_TARGET = 2.2;
			};
			name = Release;
		};
/* End XCBuildConfiguration section */

/* Begin XCConfigurationList section */
		25BFE2E41D3FD03A00914B86 /* Build configuration list for PBXProject "MyPlaces" */ = {
			isa = XCConfigurationList;
			buildConfigurations = (
				25BFE2FC1D3FD03A00914B86 /* Debug */,
				25BFE2FD1D3FD03A00914B86 /* Release */,
			);
			defaultConfigurationIsVisible = 0;
			defaultConfigurationName = Release;
		};
		25BFE2FE1D3FD03A00914B86 /* Build configuration list for PBXNativeTarget "MyPlaces" */ = {
			isa = XCConfigurationList;
			buildConfigurations = (
				25BFE2FF1D3FD03A00914B86 /* Debug */,
				25BFE3001D3FD03A00914B86 /* Release */,
			);
			defaultConfigurationIsVisible = 0;
			defaultConfigurationName = Release;
		};
		25BFE3421D4401BE00914B86 /* Build configuration list for PBXNativeTarget "MyPlacesWatch Extension" */ = {
			isa = XCConfigurationList;
			buildConfigurations = (
				25BFE3431D4401BE00914B86 /* Debug */,
				25BFE3441D4401BE00914B86 /* Release */,
			);
			defaultConfigurationIsVisible = 0;
			defaultConfigurationName = Release;
		};
		25BFE3461D4401BE00914B86 /* Build configuration list for PBXNativeTarget "MyPlacesWatch" */ = {
			isa = XCConfigurationList;
			buildConfigurations = (
				25BFE3471D4401BE00914B86 /* Debug */,
				25BFE3481D4401BE00914B86 /* Release */,
			);
			defaultConfigurationIsVisible = 0;
			defaultConfigurationName = Release;
		};
/* End XCConfigurationList section */

/* Begin XCVersionGroup section */
		25BFE2F31D3FD03A00914B86 /* MyPlaces.xcdatamodeld */ = {
			isa = XCVersionGroup;
			children = (
				25BFE2F41D3FD03A00914B86 /* MyPlaces.xcdatamodel */,
			);
			currentVersion = 25BFE2F41D3FD03A00914B86 /* MyPlaces.xcdatamodel */;
			path = MyPlaces.xcdatamodeld;
			sourceTree = "<group>";
			versionGroupType = wrapper.xcdatamodel;
		};
/* End XCVersionGroup section */
	};
	rootObject = 25BFE2E11D3FD03A00914B86 /* Project object */;
}
